
Microsoft Visual Studio Solution File, Format Version 12.00
# Visual Studio Version 17
VisualStudioVersion = 17.7.34221.43
MinimumVisualStudioVersion = 10.0.40219.1
Project("{9A19103F-16F7-4668-BE54-9A1E7A4F7556}") = "U_Token_Proj", "U_Token_Proj\U_Token_Proj.csproj", "{46C79ACC-1919-4E63-A962-3E7112B0BEF1}"
EndProject
Global
	GlobalSection(SolutionConfigurationPlatforms) = preSolution
		Debug|Any CPU = Debug|Any CPU
		Release|Any CPU = Release|Any CPU
	EndGlobalSection
	GlobalSection(ProjectConfigurationPlatforms) = postSolution
		{46C79ACC-1919-4E63-A962-3E7112B0BEF1}.Debug|Any CPU.ActiveCfg = Debug|Any CPU
		{46C79ACC-1919-4E63-A962-3E7112B0BEF1}.Debug|Any CPU.Build.0 = Debug|Any CPU
		{46C79ACC-1919-4E63-A962-3E7112B0BEF1}.Release|Any CPU.ActiveCfg = Release|Any CPU
		{46C79ACC-1919-4E63-A962-3E7112B0BEF1}.Release|Any CPU.Build.0 = Release|Any CPU
	EndGlobalSection
	GlobalSection(SolutionProperties) = preSolution
		HideSolutionNode = FALSE
	EndGlobalSection
	GlobalSection(ExtensibilityGlobals) = postSolution
		SolutionGuid = {1DA06134-2E3C-4084-AB26-2308302E9CD7}
	EndGlobalSection
EndGlobal
